// !$*UTF8*$!
{
	archiveVersion = 1;
	classes = {
	};
	objectVersion = 50;
	objects = {

/* Begin PBXBuildFile section */
		B77ACD99239D99A200E0A80E /* AppDelegate.swift in Sources */ = {isa = PBXBuildFile; fileRef = B77ACD98239D99A200E0A80E /* AppDelegate.swift */; };
		B77ACD9B239D99A200E0A80E /* SceneDelegate.swift in Sources */ = {isa = PBXBuildFile; fileRef = B77ACD9A239D99A200E0A80E /* SceneDelegate.swift */; };
		B77ACD9D239D99A200E0A80E /* StarsViewController.swift in Sources */ = {isa = PBXBuildFile; fileRef = B77ACD9C239D99A200E0A80E /* StarsViewController.swift */; };
		B77ACDA0239D99A200E0A80E /* Main.storyboard in Resources */ = {isa = PBXBuildFile; fileRef = B77ACD9E239D99A200E0A80E /* Main.storyboard */; };
		B77ACDA2239D99A300E0A80E /* Assets.xcassets in Resources */ = {isa = PBXBuildFile; fileRef = B77ACDA1239D99A300E0A80E /* Assets.xcassets */; };
		B77ACDA5239D99A300E0A80E /* LaunchScreen.storyboard in Resources */ = {isa = PBXBuildFile; fileRef = B77ACDA3239D99A300E0A80E /* LaunchScreen.storyboard */; };
		B77ACDAE239DA1F300E0A80E /* Star.swift in Sources */ = {isa = PBXBuildFile; fileRef = B77ACDAD239DA1F300E0A80E /* Star.swift */; };
		B77ACDB0239DA2CA00E0A80E /* StarController.swift in Sources */ = {isa = PBXBuildFile; fileRef = B77ACDAF239DA2CA00E0A80E /* StarController.swift */; };
/* End PBXBuildFile section */

/* Begin PBXFileReference section */
		B77ACD95239D99A200E0A80E /* Stars.app */ = {isa = PBXFileReference; explicitFileType = wrapper.application; includeInIndex = 0; path = Stars.app; sourceTree = BUILT_PRODUCTS_DIR; };
		B77ACD98239D99A200E0A80E /* AppDelegate.swift */ = {isa = PBXFileReference; lastKnownFileType = sourcecode.swift; path = AppDelegate.swift; sourceTree = "<group>"; };
		B77ACD9A239D99A200E0A80E /* SceneDelegate.swift */ = {isa = PBXFileReference; lastKnownFileType = sourcecode.swift; path = SceneDelegate.swift; sourceTree = "<group>"; };
		B77ACD9C239D99A200E0A80E /* StarsViewController.swift */ = {isa = PBXFileReference; lastKnownFileType = sourcecode.swift; path = StarsViewController.swift; sourceTree = "<group>"; };
		B77ACD9F239D99A200E0A80E /* Base */ = {isa = PBXFileReference; lastKnownFileType = file.storyboard; name = Base; path = Base.lproj/Main.storyboard; sourceTree = "<group>"; };
		B77ACDA1239D99A300E0A80E /* Assets.xcassets */ = {isa = PBXFileReference; lastKnownFileType = folder.assetcatalog; path = Assets.xcassets; sourceTree = "<group>"; };
		B77ACDA4239D99A300E0A80E /* Base */ = {isa = PBXFileReference; lastKnownFileType = file.storyboard; name = Base; path = Base.lproj/LaunchScreen.storyboard; sourceTree = "<group>"; };
		B77ACDA6239D99A300E0A80E /* Info.plist */ = {isa = PBXFileReference; lastKnownFileType = text.plist.xml; path = Info.plist; sourceTree = "<group>"; };
		B77ACDAD239DA1F300E0A80E /* Star.swift */ = {isa = PBXFileReference; lastKnownFileType = sourcecode.swift; path = Star.swift; sourceTree = "<group>"; };
		B77ACDAF239DA2CA00E0A80E /* StarController.swift */ = {isa = PBXFileReference; lastKnownFileType = sourcecode.swift; path = StarController.swift; sourceTree = "<group>"; };
/* End PBXFileReference section */

/* Begin PBXFrameworksBuildPhase section */
		B77ACD92239D99A200E0A80E /* Frameworks */ = {
			isa = PBXFrameworksBuildPhase;
			buildActionMask = 2147483647;
			files = (
			);
			runOnlyForDeploymentPostprocessing = 0;
		};
/* End PBXFrameworksBuildPhase section */

/* Begin PBXGroup section */
		B77ACD8C239D99A200E0A80E = {
			isa = PBXGroup;
			children = (
				B77ACD97239D99A200E0A80E /* Stars */,
				B77ACD96239D99A200E0A80E /* Products */,
			);
			sourceTree = "<group>";
		};
		B77ACD96239D99A200E0A80E /* Products */ = {
			isa = PBXGroup;
			children = (
				B77ACD95239D99A200E0A80E /* Stars.app */,
			);
			name = Products;
			sourceTree = "<group>";
		};
		B77ACD97239D99A200E0A80E /* Stars */ = {
			isa = PBXGroup;
			children = (
				B77ACD98239D99A200E0A80E /* AppDelegate.swift */,
				B77ACD9A239D99A200E0A80E /* SceneDelegate.swift */,
				B77ACD9E239D99A200E0A80E /* Main.storyboard */,
				B77ACDA1239D99A300E0A80E /* Assets.xcassets */,
				B77ACDA3239D99A300E0A80E /* LaunchScreen.storyboard */,
				B77ACDA6239D99A300E0A80E /* Info.plist */,
				B77ACDAC239DA1E200E0A80E /* Model */,
				B77ACDB1239DA39600E0A80E /* Controllers */,
				B77ACDB2239DA71900E0A80E /* View Controllers */,
			);
			path = Stars;
			sourceTree = "<group>";
		};
		B77ACDAC239DA1E200E0A80E /* Model */ = {
			isa = PBXGroup;
			children = (
				B77ACDAD239DA1F300E0A80E /* Star.swift */,
			);
			path = Model;
			sourceTree = "<group>";
		};
		B77ACDB1239DA39600E0A80E /* Controllers */ = {
			isa = PBXGroup;
			children = (
				B77ACDAF239DA2CA00E0A80E /* StarController.swift */,
			);
			path = Controllers;
			sourceTree = "<group>";
		};
		B77ACDB2239DA71900E0A80E /* View Controllers */ = {
			isa = PBXGroup;
			children = (
				B77ACD9C239D99A200E0A80E /* StarsViewController.swift */,
			);
			path = "View Controllers";
			sourceTree = "<group>";
		};
/* End PBXGroup section */

/* Begin PBXNativeTarget section */
		B77ACD94239D99A200E0A80E /* Stars */ = {
			isa = PBXNativeTarget;
			buildConfigurationList = B77ACDA9239D99A300E0A80E /* Build configuration list for PBXNativeTarget "Stars" */;
			buildPhases = (
				B77ACD91239D99A200E0A80E /* Sources */,
				B77ACD92239D99A200E0A80E /* Frameworks */,
				B77ACD93239D99A200E0A80E /* Resources */,
			);
			buildRules = (
			);
			dependencies = (
			);
			name = Stars;
			productName = Stars;
			productReference = B77ACD95239D99A200E0A80E /* Stars.app */;
			productType = "com.apple.product-type.application";
		};
/* End PBXNativeTarget section */

/* Begin PBXProject section */
		B77ACD8D239D99A200E0A80E /* Project object */ = {
			isa = PBXProject;
			attributes = {
				LastSwiftUpdateCheck = 1120;
				LastUpgradeCheck = 1120;
				ORGANIZATIONNAME = "John Holowesko";
				TargetAttributes = {
					B77ACD94239D99A200E0A80E = {
						CreatedOnToolsVersion = 11.2.1;
					};
				};
			};
			buildConfigurationList = B77ACD90239D99A200E0A80E /* Build configuration list for PBXProject "Stars" */;
			compatibilityVersion = "Xcode 9.3";
			developmentRegion = en;
			hasScannedForEncodings = 0;
			knownRegions = (
				en,
				Base,
			);
			mainGroup = B77ACD8C239D99A200E0A80E;
			productRefGroup = B77ACD96239D99A200E0A80E /* Products */;
			projectDirPath = "";
			projectRoot = "";
			targets = (
				B77ACD94239D99A200E0A80E /* Stars */,
			);
		};
/* End PBXProject section */

/* Begin PBXResourcesBuildPhase section */
		B77ACD93239D99A200E0A80E /* Resources */ = {
			isa = PBXResourcesBuildPhase;
			buildActionMask = 2147483647;
			files = (
				B77ACDA5239D99A300E0A80E /* LaunchScreen.storyboard in Resources */,
				B77ACDA2239D99A300E0A80E /* Assets.xcassets in Resources */,
				B77ACDA0239D99A200E0A80E /* Main.storyboard in Resources */,
			);
			runOnlyForDeploymentPostprocessing = 0;
		};
/* End PBXResourcesBuildPhase section */

/* Begin PBXSourcesBuildPhase section */
		B77ACD91239D99A200E0A80E /* Sources */ = {
			isa = PBXSourcesBuildPhase;
			buildActionMask = 2147483647;
			files = (
				B77ACD9D239D99A200E0A80E /* StarsViewController.swift in Sources */,
				B77ACD99239D99A200E0A80E /* AppDelegate.swift in Sources */,
				B77ACDB0239DA2CA00E0A80E /* StarController.swift in Sources */,
				B77ACD9B239D99A200E0A80E /* SceneDelegate.swift in Sources */,
				B77ACDAE239DA1F300E0A80E /* Star.swift in Sources */,
			);
			runOnlyForDeploymentPostprocessing = 0;
		};
/* End PBXSourcesBuildPhase section */

/* Begin PBXVariantGroup section */
		B77ACD9E239D99A200E0A80E /* Main.storyboard */ = {
			isa = PBXVariantGroup;
			children = (
				B77ACD9F239D99A200E0A80E /* Base */,
			);
			name = Main.storyboard;
			sourceTree = "<group>";
		};
		B77ACDA3239D99A300E0A80E /* LaunchScreen.storyboard */ = {
			isa = PBXVariantGroup;
			children = (
				B77ACDA4239D99A300E0A80E /* Base */,
			);
			name = LaunchScreen.storyboard;
			sourceTree = "<group>";
		};
/* End PBXVariantGroup section */

/* Begin XCBuildConfiguration section */
		B77ACDA7239D99A300E0A80E /* Debug */ = {
			isa = XCBuildConfiguration;
			buildSettings = {
				ALWAYS_SEARCH_USER_PATHS = NO;
				CLANG_ANALYZER_NONNULL = YES;
				CLANG_ANALYZER_NUMBER_OBJECT_CONVERSION = YES_AGGRESSIVE;
				CLANG_CXX_LANGUAGE_STANDARD = "gnu++14";
				CLANG_CXX_LIBRARY = "libc++";
				CLANG_ENABLE_MODULES = YES;
				CLANG_ENABLE_OBJC_ARC = YES;
				CLANG_ENABLE_OBJC_WEAK = YES;
				CLANG_WARN_BLOCK_CAPTURE_AUTORELEASING = YES;
				CLANG_WARN_BOOL_CONVERSION = YES;
				CLANG_WARN_COMMA = YES;
				CLANG_WARN_CONSTANT_CONVERSION = YES;
				CLANG_WARN_DEPRECATED_OBJC_IMPLEMENTATIONS = YES;
				CLANG_WARN_DIRECT_OBJC_ISA_USAGE = YES_ERROR;
				CLANG_WARN_DOCUMENTATION_COMMENTS = YES;
				CLANG_WARN_EMPTY_BODY = YES;
				CLANG_WARN_ENUM_CONVERSION = YES;
				CLANG_WARN_INFINITE_RECURSION = YES;
				CLANG_WARN_INT_CONVERSION = YES;
				CLANG_WARN_NON_LITERAL_NULL_CONVERSION = YES;
				CLANG_WARN_OBJC_IMPLICIT_RETAIN_SELF = YES;
				CLANG_WARN_OBJC_LITERAL_CONVERSION = YES;
				CLANG_WARN_OBJC_ROOT_CLASS = YES_ERROR;
				CLANG_WARN_RANGE_LOOP_ANALYSIS = YES;
				CLANG_WARN_STRICT_PROTOTYPES = YES;
				CLANG_WARN_SUSPICIOUS_MOVE = YES;
				CLANG_WARN_UNGUARDED_AVAILABILITY = YES_AGGRESSIVE;
				CLANG_WARN_UNREACHABLE_CODE = YES;
				CLANG_WARN__DUPLICATE_METHOD_MATCH = YES;
				COPY_PHASE_STRIP = NO;
				DEBUG_INFORMATION_FORMAT = dwarf;
				ENABLE_STRICT_OBJC_MSGSEND = YES;
				ENABLE_TESTABILITY = YES;
				GCC_C_LANGUAGE_STANDARD = gnu11;
				GCC_DYNAMIC_NO_PIC = NO;
				GCC_NO_COMMON_BLOCKS = YES;
				GCC_OPTIMIZATION_LEVEL = 0;
				GCC_PREPROCESSOR_DEFINITIONS = (
					"DEBUG=1",
					"$(inherited)",
				);
				GCC_WARN_64_TO_32_BIT_CONVERSION = YES;
				GCC_WARN_ABOUT_RETURN_TYPE = YES_ERROR;
				GCC_WARN_UNDECLARED_SELECTOR = YES;
				GCC_WARN_UNINITIALIZED_AUTOS = YES_AGGRESSIVE;
				GCC_WARN_UNUSED_FUNCTION = YES;
				GCC_WARN_UNUSED_VARIABLE = YES;
				IPHONEOS_DEPLOYMENT_TARGET = 13.2;
				MTL_ENABLE_DEBUG_INFO = INCLUDE_SOURCE;
				MTL_FAST_MATH = YES;
				ONLY_ACTIVE_ARCH = YES;
				SDKROOT = iphoneos;
				SWIFT_ACTIVE_COMPILATION_CONDITIONS = DEBUG;
				SWIFT_OPTIMIZATION_LEVEL = "-Onone";
			};
			name = Debug;
		};
		B77ACDA8239D99A300E0A80E /* Release */ = {
			isa = XCBuildConfiguration;
			buildSettings = {
				ALWAYS_SEARCH_USER_PATHS = NO;
				CLANG_ANALYZER_NONNULL = YES;
				CLANG_ANALYZER_NUMBER_OBJECT_CONVERSION = YES_AGGRESSIVE;
				CLANG_CXX_LANGUAGE_STANDARD = "gnu++14";
				CLANG_CXX_LIBRARY = "libc++";
				CLANG_ENABLE_MODULES = YES;
				CLANG_ENABLE_OBJC_ARC = YES;
				CLANG_ENABLE_OBJC_WEAK = YES;
				CLANG_WARN_BLOCK_CAPTURE_AUTORELEASING = YES;
				CLANG_WARN_BOOL_CONVERSION = YES;
				CLANG_WARN_COMMA = YES;
				CLANG_WARN_CONSTANT_CONVERSION = YES;
				CLANG_WARN_DEPRECATED_OBJC_IMPLEMENTATIONS = YES;
				CLANG_WARN_DIRECT_OBJC_ISA_USAGE = YES_ERROR;
				CLANG_WARN_DOCUMENTATION_COMMENTS = YES;
				CLANG_WARN_EMPTY_BODY = YES;
				CLANG_WARN_ENUM_CONVERSION = YES;
				CLANG_WARN_INFINITE_RECURSION = YES;
				CLANG_WARN_INT_CONVERSION = YES;
				CLANG_WARN_NON_LITERAL_NULL_CONVERSION = YES;
				CLANG_WARN_OBJC_IMPLICIT_RETAIN_SELF = YES;
				CLANG_WARN_OBJC_LITERAL_CONVERSION = YES;
				CLANG_WARN_OBJC_ROOT_CLASS = YES_ERROR;
				CLANG_WARN_RANGE_LOOP_ANALYSIS = YES;
				CLANG_WARN_STRICT_PROTOTYPES = YES;
				CLANG_WARN_SUSPICIOUS_MOVE = YES;
				CLANG_WARN_UNGUARDED_AVAILABILITY = YES_AGGRESSIVE;
				CLANG_WARN_UNREACHABLE_CODE = YES;
				CLANG_WARN__DUPLICATE_METHOD_MATCH = YES;
				COPY_PHASE_STRIP = NO;
				DEBUG_INFORMATION_FORMAT = "dwarf-with-dsym";
				ENABLE_NS_ASSERTIONS = NO;
				ENABLE_STRICT_OBJC_MSGSEND = YES;
				GCC_C_LANGUAGE_STANDARD = gnu11;
				GCC_NO_COMMON_BLOCKS = YES;
				GCC_WARN_64_TO_32_BIT_CONVERSION = YES;
				GCC_WARN_ABOUT_RETURN_TYPE = YES_ERROR;
				GCC_WARN_UNDECLARED_SELECTOR = YES;
				GCC_WARN_UNINITIALIZED_AUTOS = YES_AGGRESSIVE;
				GCC_WARN_UNUSED_FUNCTION = YES;
				GCC_WARN_UNUSED_VARIABLE = YES;
				IPHONEOS_DEPLOYMENT_TARGET = 13.2;
				MTL_ENABLE_DEBUG_INFO = NO;
				MTL_FAST_MATH = YES;
				SDKROOT = iphoneos;
				SWIFT_COMPILATION_MODE = wholemodule;
				SWIFT_OPTIMIZATION_LEVEL = "-O";
				VALIDATE_PRODUCT = YES;
			};
			name = Release;
		};
		B77ACDAA239D99A300E0A80E /* Debug */ = {
			isa = XCBuildConfiguration;
			buildSettings = {
				ASSETCATALOG_COMPILER_APPICON_NAME = AppIcon;
				CODE_SIGN_STYLE = Automatic;
				DEVELOPMENT_TEAM = 33LGSHT789;
				INFOPLIST_FILE = Stars/Info.plist;
				LD_RUNPATH_SEARCH_PATHS = (
					"$(inherited)",
					"@executable_path/Frameworks",
				);
				PRODUCT_BUNDLE_IDENTIFIER = com.johnholowesko.Stars;
				PRODUCT_NAME = "$(TARGET_NAME)";
				SWIFT_VERSION = 5.0;
				TARGETED_DEVICE_FAMILY = "1,2";
			};
			name = Debug;
		};
		B77ACDAB239D99A300E0A80E /* Release */ = {
			isa = XCBuildConfiguration;
			buildSettings = {
				ASSETCATALOG_COMPILER_APPICON_NAME = AppIcon;
				CODE_SIGN_STYLE = Automatic;
				DEVELOPMENT_TEAM = 33LGSHT789;
				INFOPLIST_FILE = Stars/Info.plist;
				LD_RUNPATH_SEARCH_PATHS = (
					"$(inherited)",
					"@executable_path/Frameworks",
				);
				PRODUCT_BUNDLE_IDENTIFIER = com.johnholowesko.Stars;
				PRODUCT_NAME = "$(TARGET_NAME)";
				SWIFT_VERSION = 5.0;
				TARGETED_DEVICE_FAMILY = "1,2";
			};
			name = Release;
		};
/* End XCBuildConfiguration section */

/* Begin XCConfigurationList section */
		B77ACD90239D99A200E0A80E /* Build configuration list for PBXProject "Stars" */ = {
			isa = XCConfigurationList;
			buildConfigurations = (
				B77ACDA7239D99A300E0A80E /* Debug */,
				B77ACDA8239D99A300E0A80E /* Release */,
			);
			defaultConfigurationIsVisible = 0;
			defaultConfigurationName = Release;
		};
		B77ACDA9239D99A300E0A80E /* Build configuration list for PBXNativeTarget "Stars" */ = {
			isa = XCConfigurationList;
			buildConfigurations = (
				B77ACDAA239D99A300E0A80E /* Debug */,
				B77ACDAB239D99A300E0A80E /* Release */,
			);
			defaultConfigurationIsVisible = 0;
			defaultConfigurationName = Release;
		};
/* End XCConfigurationList section */
	};
	rootObject = B77ACD8D239D99A200E0A80E /* Project object */;
}
